
Microsoft Visual Studio Solution File, Format Version 12.00
# Visual Studio Version 16
VisualStudioVersion = 16.0.29509.3
MinimumVisualStudioVersion = 10.0.40219.1
Project("{FAE04EC0-301F-11D3-BF4B-00C04F79EFBC}") = "Calrom.Training.SocialMedia.Web", "Calrom.Training.SocialMedia.Web\Calrom.Training.SocialMedia.Web.csproj", "{F8D34DC7-8D92-4C61-8A66-703FA803AD52}"
EndProject
Project("{9A19103F-16F7-4668-BE54-9A1E7A4F7556}") = "Calrom.Training.SocialMedia.Database", "Calrom.Training.SocialMedia.Repositories\Calrom.Training.SocialMedia.Database.csproj", "{6F2AC709-CCCC-4357-8F26-028552FA61AC}"
EndProject
Project("{FAE04EC0-301F-11D3-BF4B-00C04F79EFBC}") = "Calrom.Training.SocialMedia.Mapper", "Calrom.Training.SocialMedia.Mapper\Calrom.Training.SocialMedia.Mapper.csproj", "{D7476E87-E9BA-4E36-8906-4C9E09F278F4}"
EndProject
Project("{FAE04EC0-301F-11D3-BF4B-00C04F79EFBC}") = "Calrom.Training.SocialMedia.Logging", "Calrom.Training.SocialMedia.Logging\Calrom.Training.SocialMedia.Logging.csproj", "{49B99272-9F2A-440D-B469-754A96E60F00}"
EndProject
Global
	GlobalSection(SolutionConfigurationPlatforms) = preSolution
		Debug|Any CPU = Debug|Any CPU
		Release|Any CPU = Release|Any CPU
	EndGlobalSection
	GlobalSection(ProjectConfigurationPlatforms) = postSolution
		{F8D34DC7-8D92-4C61-8A66-703FA803AD52}.Debug|Any CPU.ActiveCfg = Debug|Any CPU
		{F8D34DC7-8D92-4C61-8A66-703FA803AD52}.Debug|Any CPU.Build.0 = Debug|Any CPU
		{F8D34DC7-8D92-4C61-8A66-703FA803AD52}.Release|Any CPU.ActiveCfg = Release|Any CPU
		{F8D34DC7-8D92-4C61-8A66-703FA803AD52}.Release|Any CPU.Build.0 = Release|Any CPU
		{6F2AC709-CCCC-4357-8F26-028552FA61AC}.Debug|Any CPU.ActiveCfg = Debug|Any CPU
		{6F2AC709-CCCC-4357-8F26-028552FA61AC}.Debug|Any CPU.Build.0 = Debug|Any CPU
		{6F2AC709-CCCC-4357-8F26-028552FA61AC}.Release|Any CPU.ActiveCfg = Release|Any CPU
		{6F2AC709-CCCC-4357-8F26-028552FA61AC}.Release|Any CPU.Build.0 = Release|Any CPU
		{D7476E87-E9BA-4E36-8906-4C9E09F278F4}.Debug|Any CPU.ActiveCfg = Debug|Any CPU
		{D7476E87-E9BA-4E36-8906-4C9E09F278F4}.Debug|Any CPU.Build.0 = Debug|Any CPU
		{D7476E87-E9BA-4E36-8906-4C9E09F278F4}.Release|Any CPU.ActiveCfg = Release|Any CPU
		{D7476E87-E9BA-4E36-8906-4C9E09F278F4}.Release|Any CPU.Build.0 = Release|Any CPU
		{49B99272-9F2A-440D-B469-754A96E60F00}.Debug|Any CPU.ActiveCfg = Debug|Any CPU
		{49B99272-9F2A-440D-B469-754A96E60F00}.Debug|Any CPU.Build.0 = Debug|Any CPU
		{49B99272-9F2A-440D-B469-754A96E60F00}.Release|Any CPU.ActiveCfg = Release|Any CPU
		{49B99272-9F2A-440D-B469-754A96E60F00}.Release|Any CPU.Build.0 = Release|Any CPU
	EndGlobalSection
	GlobalSection(SolutionProperties) = preSolution
		HideSolutionNode = FALSE
	EndGlobalSection
	GlobalSection(ExtensibilityGlobals) = postSolution
		SolutionGuid = {CC8C828A-C8AE-4384-BE0F-B367FAD373DB}
	EndGlobalSection
EndGlobal
