
Microsoft Visual Studio Solution File, Format Version 12.00
# Visual Studio Version 16
VisualStudioVersion = 16.0.29509.3
MinimumVisualStudioVersion = 10.0.40219.1
Project("{FAE04EC0-301F-11D3-BF4B-00C04F79EFBC}") = "CustomRegionEditor.Web", "CustomRegionEditor\CustomRegionEditor.Web.csproj", "{30EBE3C9-D1C8-490F-8321-D29CBCEAD73B}"
EndProject
Project("{FAE04EC0-301F-11D3-BF4B-00C04F79EFBC}") = "CustomRegionEditor.ViewModels", "CustomRegionEditor.ViewModels\CustomRegionEditor.ViewModels.csproj", "{62A780E8-32AB-41E0-A8CD-7DA5E6238154}"
EndProject
Project("{FAE04EC0-301F-11D3-BF4B-00C04F79EFBC}") = "CustomRegionEditor.EntityMapper", "CustomRegionEditor.Mapping\CustomRegionEditor.EntityMapper.csproj", "{45E78950-3FA1-40E9-835F-2B6BF962AB7F}"
EndProject
Project("{FAE04EC0-301F-11D3-BF4B-00C04F79EFBC}") = "CustomRegionEditor.Database", "CustomRegionEditor.Database\CustomRegionEditor.Database.csproj", "{8265BBBC-B01A-419A-B1B0-F0EDF652BF94}"
EndProject
Project("{9A19103F-16F7-4668-BE54-9A1E7A4F7556}") = "CustomRegionEditor.Tests", "CustomRegionEditor.Tests\CustomRegionEditor.Tests.csproj", "{D52FFC95-449E-4916-98AE-830396FEDC07}"
EndProject
Project("{FAE04EC0-301F-11D3-BF4B-00C04F79EFBC}") = "CustomRegionEditor.Logging", "CustomRegionEditor.Logging\CustomRegionEditor.Logging.csproj", "{49B99272-9F2A-440D-B469-754A96E60F00}"
EndProject
Project("{FAE04EC0-301F-11D3-BF4B-00C04F79EFBC}") = "CustomRegionEditor.Handler", "CustomRegionEditor.Handler\CustomRegionEditor.Handler.csproj", "{1366F7DD-47C1-4572-A48C-B53467AE97E9}"
EndProject
Project("{FAE04EC0-301F-11D3-BF4B-00C04F79EFBC}") = "CustomRegionEditor.Models", "CustomRegionEditor.Models\CustomRegionEditor.Models.csproj", "{B7D25AC9-35A5-47FD-A64D-5D0B27618AA7}"
EndProject
Global
	GlobalSection(SolutionConfigurationPlatforms) = preSolution
		Debug|Any CPU = Debug|Any CPU
		Release|Any CPU = Release|Any CPU
	EndGlobalSection
	GlobalSection(ProjectConfigurationPlatforms) = postSolution
		{30EBE3C9-D1C8-490F-8321-D29CBCEAD73B}.Debug|Any CPU.ActiveCfg = Debug|Any CPU
		{30EBE3C9-D1C8-490F-8321-D29CBCEAD73B}.Debug|Any CPU.Build.0 = Debug|Any CPU
		{30EBE3C9-D1C8-490F-8321-D29CBCEAD73B}.Release|Any CPU.ActiveCfg = Release|Any CPU
		{30EBE3C9-D1C8-490F-8321-D29CBCEAD73B}.Release|Any CPU.Build.0 = Release|Any CPU
		{62A780E8-32AB-41E0-A8CD-7DA5E6238154}.Debug|Any CPU.ActiveCfg = Debug|Any CPU
		{62A780E8-32AB-41E0-A8CD-7DA5E6238154}.Debug|Any CPU.Build.0 = Debug|Any CPU
		{62A780E8-32AB-41E0-A8CD-7DA5E6238154}.Release|Any CPU.ActiveCfg = Release|Any CPU
		{62A780E8-32AB-41E0-A8CD-7DA5E6238154}.Release|Any CPU.Build.0 = Release|Any CPU
		{45E78950-3FA1-40E9-835F-2B6BF962AB7F}.Debug|Any CPU.ActiveCfg = Debug|Any CPU
		{45E78950-3FA1-40E9-835F-2B6BF962AB7F}.Debug|Any CPU.Build.0 = Debug|Any CPU
		{45E78950-3FA1-40E9-835F-2B6BF962AB7F}.Release|Any CPU.ActiveCfg = Release|Any CPU
		{45E78950-3FA1-40E9-835F-2B6BF962AB7F}.Release|Any CPU.Build.0 = Release|Any CPU
		{8265BBBC-B01A-419A-B1B0-F0EDF652BF94}.Debug|Any CPU.ActiveCfg = Debug|Any CPU
		{8265BBBC-B01A-419A-B1B0-F0EDF652BF94}.Debug|Any CPU.Build.0 = Debug|Any CPU
		{8265BBBC-B01A-419A-B1B0-F0EDF652BF94}.Release|Any CPU.ActiveCfg = Release|Any CPU
		{8265BBBC-B01A-419A-B1B0-F0EDF652BF94}.Release|Any CPU.Build.0 = Release|Any CPU
		{D52FFC95-449E-4916-98AE-830396FEDC07}.Debug|Any CPU.ActiveCfg = Debug|Any CPU
		{D52FFC95-449E-4916-98AE-830396FEDC07}.Debug|Any CPU.Build.0 = Debug|Any CPU
		{D52FFC95-449E-4916-98AE-830396FEDC07}.Release|Any CPU.ActiveCfg = Release|Any CPU
		{D52FFC95-449E-4916-98AE-830396FEDC07}.Release|Any CPU.Build.0 = Release|Any CPU
		{49B99272-9F2A-440D-B469-754A96E60F00}.Debug|Any CPU.ActiveCfg = Debug|Any CPU
		{49B99272-9F2A-440D-B469-754A96E60F00}.Debug|Any CPU.Build.0 = Debug|Any CPU
		{49B99272-9F2A-440D-B469-754A96E60F00}.Release|Any CPU.ActiveCfg = Release|Any CPU
		{49B99272-9F2A-440D-B469-754A96E60F00}.Release|Any CPU.Build.0 = Release|Any CPU
		{1366F7DD-47C1-4572-A48C-B53467AE97E9}.Debug|Any CPU.ActiveCfg = Debug|Any CPU
		{1366F7DD-47C1-4572-A48C-B53467AE97E9}.Debug|Any CPU.Build.0 = Debug|Any CPU
		{1366F7DD-47C1-4572-A48C-B53467AE97E9}.Release|Any CPU.ActiveCfg = Release|Any CPU
		{1366F7DD-47C1-4572-A48C-B53467AE97E9}.Release|Any CPU.Build.0 = Release|Any CPU
		{B7D25AC9-35A5-47FD-A64D-5D0B27618AA7}.Debug|Any CPU.ActiveCfg = Debug|Any CPU
		{B7D25AC9-35A5-47FD-A64D-5D0B27618AA7}.Debug|Any CPU.Build.0 = Debug|Any CPU
		{B7D25AC9-35A5-47FD-A64D-5D0B27618AA7}.Release|Any CPU.ActiveCfg = Release|Any CPU
		{B7D25AC9-35A5-47FD-A64D-5D0B27618AA7}.Release|Any CPU.Build.0 = Release|Any CPU
	EndGlobalSection
	GlobalSection(SolutionProperties) = preSolution
		HideSolutionNode = FALSE
	EndGlobalSection
	GlobalSection(ExtensibilityGlobals) = postSolution
		SolutionGuid = {188097B1-9271-4FF9-8C1D-E5D08A17D61F}
	EndGlobalSection
EndGlobal
