
Microsoft Visual Studio Solution File, Format Version 12.00
# Visual Studio 15
VisualStudioVersion = 15.0.28307.779
MinimumVisualStudioVersion = 10.0.40219.1
Project("{FAE04EC0-301F-11D3-BF4B-00C04F79EFBC}") = "Bookings", "Bookings.csproj", "{B61B9B80-1EDF-4293-86CB-64CD894662E3}"
EndProject
Global
	GlobalSection(SolutionConfigurationPlatforms) = preSolution
		Debug|Any CPU = Debug|Any CPU
		Release|Any CPU = Release|Any CPU
	EndGlobalSection
	GlobalSection(ProjectConfigurationPlatforms) = postSolution
		{B61B9B80-1EDF-4293-86CB-64CD894662E3}.Debug|Any CPU.ActiveCfg = Debug|Any CPU
		{B61B9B80-1EDF-4293-86CB-64CD894662E3}.Debug|Any CPU.Build.0 = Debug|Any CPU
		{B61B9B80-1EDF-4293-86CB-64CD894662E3}.Release|Any CPU.ActiveCfg = Release|Any CPU
		{B61B9B80-1EDF-4293-86CB-64CD894662E3}.Release|Any CPU.Build.0 = Release|Any CPU
	EndGlobalSection
	GlobalSection(SolutionProperties) = preSolution
		HideSolutionNode = FALSE
	EndGlobalSection
	GlobalSection(ExtensibilityGlobals) = postSolution
		SolutionGuid = {27BD4D0F-DFBF-4A45-947D-1E595F11247B}
	EndGlobalSection
EndGlobal
