
Microsoft Visual Studio Solution File, Format Version 12.00
# Visual Studio 15
VisualStudioVersion = 15.0.28307.779
MinimumVisualStudioVersion = 10.0.40219.1
Project("{FAE04EC0-301F-11D3-BF4B-00C04F79EFBC}") = "Supermarket", "Supermarket\Supermarket.csproj", "{BB2816C0-9607-4291-8755-00F67E26E56F}"
EndProject
Project("{FAE04EC0-301F-11D3-BF4B-00C04F79EFBC}") = "SupermarketExtensions", "SupermarketExtensions\SupermarketExtensions.csproj", "{42E7F50E-5D8E-4BC4-AB01-294C605FFE72}"
EndProject
Global
	GlobalSection(SolutionConfigurationPlatforms) = preSolution
		Debug|Any CPU = Debug|Any CPU
		Release|Any CPU = Release|Any CPU
	EndGlobalSection
	GlobalSection(ProjectConfigurationPlatforms) = postSolution
		{BB2816C0-9607-4291-8755-00F67E26E56F}.Debug|Any CPU.ActiveCfg = Debug|Any CPU
		{BB2816C0-9607-4291-8755-00F67E26E56F}.Debug|Any CPU.Build.0 = Debug|Any CPU
		{BB2816C0-9607-4291-8755-00F67E26E56F}.Release|Any CPU.ActiveCfg = Release|Any CPU
		{BB2816C0-9607-4291-8755-00F67E26E56F}.Release|Any CPU.Build.0 = Release|Any CPU
		{42E7F50E-5D8E-4BC4-AB01-294C605FFE72}.Debug|Any CPU.ActiveCfg = Debug|Any CPU
		{42E7F50E-5D8E-4BC4-AB01-294C605FFE72}.Debug|Any CPU.Build.0 = Debug|Any CPU
		{42E7F50E-5D8E-4BC4-AB01-294C605FFE72}.Release|Any CPU.ActiveCfg = Release|Any CPU
		{42E7F50E-5D8E-4BC4-AB01-294C605FFE72}.Release|Any CPU.Build.0 = Release|Any CPU
	EndGlobalSection
	GlobalSection(SolutionProperties) = preSolution
		HideSolutionNode = FALSE
	EndGlobalSection
	GlobalSection(ExtensibilityGlobals) = postSolution
		SolutionGuid = {063D094D-23C6-49C4-B7ED-9510800044CC}
	EndGlobalSection
EndGlobal
